
Microsoft Visual Studio Solution File, Format Version 12.00
# Visual Studio Version 16
VisualStudioVersion = 16.0.30503.244
MinimumVisualStudioVersion = 10.0.40219.1
Project("{8BC9CEB8-8B4A-11D0-8D11-00A0C91BC942}") = "framework", "framework\framework.vcxproj", "{D793A076-FC96-482C-AF65-C4A72FAE468A}"
EndProject
Project("{8BC9CEB8-8B4A-11D0-8D11-00A0C91BC942}") = "framework_unit_tests", "unit_tests\framework_unit_tests\framework_unit_tests.vcxproj", "{DAEC7EE2-EB40-4924-80FE-7B555D8DCF49}"
EndProject
Project("{8BC9CEB8-8B4A-11D0-8D11-00A0C91BC942}") = "property_sheets", "property_sheets\property_sheets.vcxproj", "{898406EA-5BBC-40DC-9DD8-5CA670AA4500}"
EndProject
Project("{8BC9CEB8-8B4A-11D0-8D11-00A0C91BC942}") = "graphics", "graphics\graphics.vcxproj", "{78922160-BFC3-46D6-9BC4-B2103843D042}"
EndProject
Global
	GlobalSection(SolutionConfigurationPlatforms) = preSolution
		Debug|x64 = Debug|x64
		Debug|x86 = Debug|x86
		Release|x64 = Release|x64
		Release|x86 = Release|x86
	EndGlobalSection
	GlobalSection(ProjectConfigurationPlatforms) = postSolution
		{D793A076-FC96-482C-AF65-C4A72FAE468A}.Debug|x64.ActiveCfg = Debug|x64
		{D793A076-FC96-482C-AF65-C4A72FAE468A}.Debug|x64.Build.0 = Debug|x64
		{D793A076-FC96-482C-AF65-C4A72FAE468A}.Debug|x86.ActiveCfg = Debug|x64
		{D793A076-FC96-482C-AF65-C4A72FAE468A}.Release|x64.ActiveCfg = Release|x64
		{D793A076-FC96-482C-AF65-C4A72FAE468A}.Release|x64.Build.0 = Release|x64
		{D793A076-FC96-482C-AF65-C4A72FAE468A}.Release|x86.ActiveCfg = Release|x64
		{DAEC7EE2-EB40-4924-80FE-7B555D8DCF49}.Debug|x64.ActiveCfg = Debug|x64
		{DAEC7EE2-EB40-4924-80FE-7B555D8DCF49}.Debug|x64.Build.0 = Debug|x64
		{DAEC7EE2-EB40-4924-80FE-7B555D8DCF49}.Debug|x86.ActiveCfg = Debug|Win32
		{DAEC7EE2-EB40-4924-80FE-7B555D8DCF49}.Debug|x86.Build.0 = Debug|Win32
		{DAEC7EE2-EB40-4924-80FE-7B555D8DCF49}.Release|x64.ActiveCfg = Release|x64
		{DAEC7EE2-EB40-4924-80FE-7B555D8DCF49}.Release|x64.Build.0 = Release|x64
		{DAEC7EE2-EB40-4924-80FE-7B555D8DCF49}.Release|x86.ActiveCfg = Release|Win32
		{DAEC7EE2-EB40-4924-80FE-7B555D8DCF49}.Release|x86.Build.0 = Release|Win32
		{898406EA-5BBC-40DC-9DD8-5CA670AA4500}.Debug|x64.ActiveCfg = Debug|x64
		{898406EA-5BBC-40DC-9DD8-5CA670AA4500}.Debug|x86.ActiveCfg = Debug|Win32
		{898406EA-5BBC-40DC-9DD8-5CA670AA4500}.Release|x64.ActiveCfg = Release|x64
		{898406EA-5BBC-40DC-9DD8-5CA670AA4500}.Release|x86.ActiveCfg = Release|Win32
		{78922160-BFC3-46D6-9BC4-B2103843D042}.Debug|x64.ActiveCfg = Debug|x64
		{78922160-BFC3-46D6-9BC4-B2103843D042}.Debug|x64.Build.0 = Debug|x64
		{78922160-BFC3-46D6-9BC4-B2103843D042}.Debug|x86.ActiveCfg = Debug|Win32
		{78922160-BFC3-46D6-9BC4-B2103843D042}.Debug|x86.Build.0 = Debug|Win32
		{78922160-BFC3-46D6-9BC4-B2103843D042}.Release|x64.ActiveCfg = Release|x64
		{78922160-BFC3-46D6-9BC4-B2103843D042}.Release|x64.Build.0 = Release|x64
		{78922160-BFC3-46D6-9BC4-B2103843D042}.Release|x86.ActiveCfg = Release|Win32
		{78922160-BFC3-46D6-9BC4-B2103843D042}.Release|x86.Build.0 = Release|Win32
	EndGlobalSection
	GlobalSection(SolutionProperties) = preSolution
		HideSolutionNode = FALSE
	EndGlobalSection
	GlobalSection(ExtensibilityGlobals) = postSolution
		SolutionGuid = {3EDD0858-F2FA-4C8F-8A7C-58E81A992DCC}
	EndGlobalSection
EndGlobal
