
Microsoft Visual Studio Solution File, Format Version 12.00
# Visual Studio Version 16
VisualStudioVersion = 16.0.30503.244
MinimumVisualStudioVersion = 10.0.40219.1
Project("{8BC9CEB8-8B4A-11D0-8D11-00A0C91BC942}") = "framework", "framework\framework.vcxproj", "{D793A076-FC96-482C-AF65-C4A72FAE468A}"
EndProject
Project("{8BC9CEB8-8B4A-11D0-8D11-00A0C91BC942}") = "framework_unit_tests", "unit_tests\framework_unit_tests\framework_unit_tests.vcxproj", "{DAEC7EE2-EB40-4924-80FE-7B555D8DCF49}"
EndProject
Project("{8BC9CEB8-8B4A-11D0-8D11-00A0C91BC942}") = "property_sheets", "property_sheets\property_sheets.vcxproj", "{898406EA-5BBC-40DC-9DD8-5CA670AA4500}"
EndProject
Project("{8BC9CEB8-8B4A-11D0-8D11-00A0C91BC942}") = "graphics", "graphics\graphics.vcxproj", "{78922160-BFC3-46D6-9BC4-B2103843D042}"
	ProjectSection(ProjectDependencies) = postProject
		{D793A076-FC96-482C-AF65-C4A72FAE468A} = {D793A076-FC96-482C-AF65-C4A72FAE468A}
	EndProjectSection
EndProject
Project("{8BC9CEB8-8B4A-11D0-8D11-00A0C91BC942}") = "scratch-pad", "scratch-pad\scratch-pad.vcxproj", "{E49DBDBA-CE88-483F-9064-DF4A47E7D860}"
	ProjectSection(ProjectDependencies) = postProject
		{18DA983E-1B39-4286-A71C-6AC883371FB8} = {18DA983E-1B39-4286-A71C-6AC883371FB8}
		{6D842145-2ABB-4693-B9F7-BD0D7C6B8336} = {6D842145-2ABB-4693-B9F7-BD0D7C6B8336}
		{78922160-BFC3-46D6-9BC4-B2103843D042} = {78922160-BFC3-46D6-9BC4-B2103843D042}
		{D793A076-FC96-482C-AF65-C4A72FAE468A} = {D793A076-FC96-482C-AF65-C4A72FAE468A}
	EndProjectSection
EndProject
Project("{8BC9CEB8-8B4A-11D0-8D11-00A0C91BC942}") = "geometry", "geometry\geometry.vcxproj", "{18DA983E-1B39-4286-A71C-6AC883371FB8}"
EndProject
Project("{8BC9CEB8-8B4A-11D0-8D11-00A0C91BC942}") = "gameplay", "gameplay\gameplay.vcxproj", "{5C55A524-7658-4B06-B3C5-A0EAE3D905CD}"
EndProject
Project("{8BC9CEB8-8B4A-11D0-8D11-00A0C91BC942}") = "primative_shapes", "primative_shapes\primative_shapes.vcxproj", "{6D842145-2ABB-4693-B9F7-BD0D7C6B8336}"
	ProjectSection(ProjectDependencies) = postProject
		{18DA983E-1B39-4286-A71C-6AC883371FB8} = {18DA983E-1B39-4286-A71C-6AC883371FB8}
		{78922160-BFC3-46D6-9BC4-B2103843D042} = {78922160-BFC3-46D6-9BC4-B2103843D042}
	EndProjectSection
EndProject
Global
	GlobalSection(SolutionConfigurationPlatforms) = preSolution
		Debug|x64 = Debug|x64
		Debug|x86 = Debug|x86
		Release|x64 = Release|x64
		Release|x86 = Release|x86
		Static_Release|x64 = Static_Release|x64
		Static_Release|x86 = Static_Release|x86
		Tests_Debug|x64 = Tests_Debug|x64
		Tests_Debug|x86 = Tests_Debug|x86
		Tests_Release|x64 = Tests_Release|x64
		Tests_Release|x86 = Tests_Release|x86
	EndGlobalSection
	GlobalSection(ProjectConfigurationPlatforms) = postSolution
		{D793A076-FC96-482C-AF65-C4A72FAE468A}.Debug|x64.ActiveCfg = Debug|x64
		{D793A076-FC96-482C-AF65-C4A72FAE468A}.Debug|x64.Build.0 = Debug|x64
		{D793A076-FC96-482C-AF65-C4A72FAE468A}.Debug|x86.ActiveCfg = Debug|x64
		{D793A076-FC96-482C-AF65-C4A72FAE468A}.Release|x64.ActiveCfg = Release|x64
		{D793A076-FC96-482C-AF65-C4A72FAE468A}.Release|x64.Build.0 = Release|x64
		{D793A076-FC96-482C-AF65-C4A72FAE468A}.Release|x86.ActiveCfg = Release|x64
		{D793A076-FC96-482C-AF65-C4A72FAE468A}.Static_Release|x64.ActiveCfg = Static_Release|x64
		{D793A076-FC96-482C-AF65-C4A72FAE468A}.Static_Release|x64.Build.0 = Static_Release|x64
		{D793A076-FC96-482C-AF65-C4A72FAE468A}.Static_Release|x86.ActiveCfg = Static_Release|x64
		{D793A076-FC96-482C-AF65-C4A72FAE468A}.Tests_Debug|x64.ActiveCfg = Tests_Debug|x64
		{D793A076-FC96-482C-AF65-C4A72FAE468A}.Tests_Debug|x64.Build.0 = Tests_Debug|x64
		{D793A076-FC96-482C-AF65-C4A72FAE468A}.Tests_Debug|x86.ActiveCfg = Tests_Debug|x64
		{D793A076-FC96-482C-AF65-C4A72FAE468A}.Tests_Release|x64.ActiveCfg = Tests_Release|x64
		{D793A076-FC96-482C-AF65-C4A72FAE468A}.Tests_Release|x64.Build.0 = Tests_Release|x64
		{D793A076-FC96-482C-AF65-C4A72FAE468A}.Tests_Release|x86.ActiveCfg = Tests_Release|x64
		{DAEC7EE2-EB40-4924-80FE-7B555D8DCF49}.Debug|x64.ActiveCfg = Debug|x64
		{DAEC7EE2-EB40-4924-80FE-7B555D8DCF49}.Debug|x86.ActiveCfg = Debug|Win32
		{DAEC7EE2-EB40-4924-80FE-7B555D8DCF49}.Debug|x86.Build.0 = Debug|Win32
		{DAEC7EE2-EB40-4924-80FE-7B555D8DCF49}.Release|x64.ActiveCfg = Release|x64
		{DAEC7EE2-EB40-4924-80FE-7B555D8DCF49}.Release|x86.ActiveCfg = Release|Win32
		{DAEC7EE2-EB40-4924-80FE-7B555D8DCF49}.Release|x86.Build.0 = Release|Win32
		{DAEC7EE2-EB40-4924-80FE-7B555D8DCF49}.Static_Release|x64.ActiveCfg = Static_Release|x64
		{DAEC7EE2-EB40-4924-80FE-7B555D8DCF49}.Static_Release|x86.ActiveCfg = Static_Release|Win32
		{DAEC7EE2-EB40-4924-80FE-7B555D8DCF49}.Tests_Debug|x64.ActiveCfg = Tests_Debug|x64
		{DAEC7EE2-EB40-4924-80FE-7B555D8DCF49}.Tests_Debug|x64.Build.0 = Tests_Debug|x64
		{DAEC7EE2-EB40-4924-80FE-7B555D8DCF49}.Tests_Debug|x86.ActiveCfg = Tests_Debug|Win32
		{DAEC7EE2-EB40-4924-80FE-7B555D8DCF49}.Tests_Debug|x86.Build.0 = Tests_Debug|Win32
		{DAEC7EE2-EB40-4924-80FE-7B555D8DCF49}.Tests_Release|x64.ActiveCfg = Tests_Release|x64
		{DAEC7EE2-EB40-4924-80FE-7B555D8DCF49}.Tests_Release|x86.ActiveCfg = Tests_Release|Win32
		{898406EA-5BBC-40DC-9DD8-5CA670AA4500}.Debug|x64.ActiveCfg = Debug|x64
		{898406EA-5BBC-40DC-9DD8-5CA670AA4500}.Debug|x86.ActiveCfg = Debug|Win32
		{898406EA-5BBC-40DC-9DD8-5CA670AA4500}.Release|x64.ActiveCfg = Release|x64
		{898406EA-5BBC-40DC-9DD8-5CA670AA4500}.Release|x86.ActiveCfg = Release|Win32
		{898406EA-5BBC-40DC-9DD8-5CA670AA4500}.Static_Release|x64.ActiveCfg = Static_Release|x64
		{898406EA-5BBC-40DC-9DD8-5CA670AA4500}.Static_Release|x86.ActiveCfg = Static_Release|Win32
		{898406EA-5BBC-40DC-9DD8-5CA670AA4500}.Tests_Debug|x64.ActiveCfg = Tests_Debug|x64
		{898406EA-5BBC-40DC-9DD8-5CA670AA4500}.Tests_Debug|x86.ActiveCfg = Tests_Debug|Win32
		{898406EA-5BBC-40DC-9DD8-5CA670AA4500}.Tests_Release|x64.ActiveCfg = Tests_Release|x64
		{898406EA-5BBC-40DC-9DD8-5CA670AA4500}.Tests_Release|x86.ActiveCfg = Tests_Release|Win32
		{78922160-BFC3-46D6-9BC4-B2103843D042}.Debug|x64.ActiveCfg = Debug|x64
		{78922160-BFC3-46D6-9BC4-B2103843D042}.Debug|x64.Build.0 = Debug|x64
		{78922160-BFC3-46D6-9BC4-B2103843D042}.Debug|x86.ActiveCfg = Debug|Win32
		{78922160-BFC3-46D6-9BC4-B2103843D042}.Debug|x86.Build.0 = Debug|Win32
		{78922160-BFC3-46D6-9BC4-B2103843D042}.Release|x64.ActiveCfg = Release|x64
		{78922160-BFC3-46D6-9BC4-B2103843D042}.Release|x64.Build.0 = Release|x64
		{78922160-BFC3-46D6-9BC4-B2103843D042}.Release|x86.ActiveCfg = Release|Win32
		{78922160-BFC3-46D6-9BC4-B2103843D042}.Release|x86.Build.0 = Release|Win32
		{78922160-BFC3-46D6-9BC4-B2103843D042}.Static_Release|x64.ActiveCfg = Static_Release|x64
		{78922160-BFC3-46D6-9BC4-B2103843D042}.Static_Release|x64.Build.0 = Static_Release|x64
		{78922160-BFC3-46D6-9BC4-B2103843D042}.Static_Release|x86.ActiveCfg = Static_Release|Win32
		{78922160-BFC3-46D6-9BC4-B2103843D042}.Static_Release|x86.Build.0 = Static_Release|Win32
		{78922160-BFC3-46D6-9BC4-B2103843D042}.Tests_Debug|x64.ActiveCfg = Tests_Debug|x64
		{78922160-BFC3-46D6-9BC4-B2103843D042}.Tests_Debug|x64.Build.0 = Tests_Debug|x64
		{78922160-BFC3-46D6-9BC4-B2103843D042}.Tests_Debug|x86.ActiveCfg = Tests_Debug|Win32
		{78922160-BFC3-46D6-9BC4-B2103843D042}.Tests_Debug|x86.Build.0 = Tests_Debug|Win32
		{78922160-BFC3-46D6-9BC4-B2103843D042}.Tests_Release|x64.ActiveCfg = Tests_Release|x64
		{78922160-BFC3-46D6-9BC4-B2103843D042}.Tests_Release|x64.Build.0 = Tests_Release|x64
		{78922160-BFC3-46D6-9BC4-B2103843D042}.Tests_Release|x86.ActiveCfg = Tests_Release|Win32
		{78922160-BFC3-46D6-9BC4-B2103843D042}.Tests_Release|x86.Build.0 = Tests_Release|Win32
		{E49DBDBA-CE88-483F-9064-DF4A47E7D860}.Debug|x64.ActiveCfg = Debug|x64
		{E49DBDBA-CE88-483F-9064-DF4A47E7D860}.Debug|x64.Build.0 = Debug|x64
		{E49DBDBA-CE88-483F-9064-DF4A47E7D860}.Debug|x86.ActiveCfg = Debug|Win32
		{E49DBDBA-CE88-483F-9064-DF4A47E7D860}.Debug|x86.Build.0 = Debug|Win32
		{E49DBDBA-CE88-483F-9064-DF4A47E7D860}.Release|x64.ActiveCfg = Release|x64
		{E49DBDBA-CE88-483F-9064-DF4A47E7D860}.Release|x64.Build.0 = Release|x64
		{E49DBDBA-CE88-483F-9064-DF4A47E7D860}.Release|x86.ActiveCfg = Release|Win32
		{E49DBDBA-CE88-483F-9064-DF4A47E7D860}.Release|x86.Build.0 = Release|Win32
		{E49DBDBA-CE88-483F-9064-DF4A47E7D860}.Static_Release|x64.ActiveCfg = Static_Release|x64
		{E49DBDBA-CE88-483F-9064-DF4A47E7D860}.Static_Release|x64.Build.0 = Static_Release|x64
		{E49DBDBA-CE88-483F-9064-DF4A47E7D860}.Static_Release|x86.ActiveCfg = Static_Release|Win32
		{E49DBDBA-CE88-483F-9064-DF4A47E7D860}.Static_Release|x86.Build.0 = Static_Release|Win32
		{E49DBDBA-CE88-483F-9064-DF4A47E7D860}.Tests_Debug|x64.ActiveCfg = Debug|x64
		{E49DBDBA-CE88-483F-9064-DF4A47E7D860}.Tests_Debug|x64.Build.0 = Debug|x64
		{E49DBDBA-CE88-483F-9064-DF4A47E7D860}.Tests_Debug|x86.ActiveCfg = Debug|Win32
		{E49DBDBA-CE88-483F-9064-DF4A47E7D860}.Tests_Debug|x86.Build.0 = Debug|Win32
		{E49DBDBA-CE88-483F-9064-DF4A47E7D860}.Tests_Release|x64.ActiveCfg = Release|x64
		{E49DBDBA-CE88-483F-9064-DF4A47E7D860}.Tests_Release|x64.Build.0 = Release|x64
		{E49DBDBA-CE88-483F-9064-DF4A47E7D860}.Tests_Release|x86.ActiveCfg = Release|Win32
		{E49DBDBA-CE88-483F-9064-DF4A47E7D860}.Tests_Release|x86.Build.0 = Release|Win32
		{18DA983E-1B39-4286-A71C-6AC883371FB8}.Debug|x64.ActiveCfg = Debug|x64
		{18DA983E-1B39-4286-A71C-6AC883371FB8}.Debug|x64.Build.0 = Debug|x64
		{18DA983E-1B39-4286-A71C-6AC883371FB8}.Debug|x86.ActiveCfg = Debug|Win32
		{18DA983E-1B39-4286-A71C-6AC883371FB8}.Debug|x86.Build.0 = Debug|Win32
		{18DA983E-1B39-4286-A71C-6AC883371FB8}.Release|x64.ActiveCfg = Release|x64
		{18DA983E-1B39-4286-A71C-6AC883371FB8}.Release|x64.Build.0 = Release|x64
		{18DA983E-1B39-4286-A71C-6AC883371FB8}.Release|x86.ActiveCfg = Release|Win32
		{18DA983E-1B39-4286-A71C-6AC883371FB8}.Release|x86.Build.0 = Release|Win32
		{18DA983E-1B39-4286-A71C-6AC883371FB8}.Static_Release|x64.ActiveCfg = Static_Release|x64
		{18DA983E-1B39-4286-A71C-6AC883371FB8}.Static_Release|x64.Build.0 = Static_Release|x64
		{18DA983E-1B39-4286-A71C-6AC883371FB8}.Static_Release|x86.ActiveCfg = Release|Win32
		{18DA983E-1B39-4286-A71C-6AC883371FB8}.Static_Release|x86.Build.0 = Release|Win32
		{18DA983E-1B39-4286-A71C-6AC883371FB8}.Tests_Debug|x64.ActiveCfg = Debug|x64
		{18DA983E-1B39-4286-A71C-6AC883371FB8}.Tests_Debug|x64.Build.0 = Debug|x64
		{18DA983E-1B39-4286-A71C-6AC883371FB8}.Tests_Debug|x86.ActiveCfg = Debug|Win32
		{18DA983E-1B39-4286-A71C-6AC883371FB8}.Tests_Debug|x86.Build.0 = Debug|Win32
		{18DA983E-1B39-4286-A71C-6AC883371FB8}.Tests_Release|x64.ActiveCfg = Release|x64
		{18DA983E-1B39-4286-A71C-6AC883371FB8}.Tests_Release|x64.Build.0 = Release|x64
		{18DA983E-1B39-4286-A71C-6AC883371FB8}.Tests_Release|x86.ActiveCfg = Release|Win32
		{18DA983E-1B39-4286-A71C-6AC883371FB8}.Tests_Release|x86.Build.0 = Release|Win32
		{5C55A524-7658-4B06-B3C5-A0EAE3D905CD}.Debug|x64.ActiveCfg = Debug|x64
		{5C55A524-7658-4B06-B3C5-A0EAE3D905CD}.Debug|x64.Build.0 = Debug|x64
		{5C55A524-7658-4B06-B3C5-A0EAE3D905CD}.Debug|x86.ActiveCfg = Debug|Win32
		{5C55A524-7658-4B06-B3C5-A0EAE3D905CD}.Debug|x86.Build.0 = Debug|Win32
		{5C55A524-7658-4B06-B3C5-A0EAE3D905CD}.Release|x64.ActiveCfg = Release|x64
		{5C55A524-7658-4B06-B3C5-A0EAE3D905CD}.Release|x64.Build.0 = Release|x64
		{5C55A524-7658-4B06-B3C5-A0EAE3D905CD}.Release|x86.ActiveCfg = Release|Win32
		{5C55A524-7658-4B06-B3C5-A0EAE3D905CD}.Release|x86.Build.0 = Release|Win32
		{5C55A524-7658-4B06-B3C5-A0EAE3D905CD}.Static_Release|x64.ActiveCfg = Release|x64
		{5C55A524-7658-4B06-B3C5-A0EAE3D905CD}.Static_Release|x64.Build.0 = Release|x64
		{5C55A524-7658-4B06-B3C5-A0EAE3D905CD}.Static_Release|x86.ActiveCfg = Release|Win32
		{5C55A524-7658-4B06-B3C5-A0EAE3D905CD}.Static_Release|x86.Build.0 = Release|Win32
		{5C55A524-7658-4B06-B3C5-A0EAE3D905CD}.Tests_Debug|x64.ActiveCfg = Debug|x64
		{5C55A524-7658-4B06-B3C5-A0EAE3D905CD}.Tests_Debug|x64.Build.0 = Debug|x64
		{5C55A524-7658-4B06-B3C5-A0EAE3D905CD}.Tests_Debug|x86.ActiveCfg = Debug|Win32
		{5C55A524-7658-4B06-B3C5-A0EAE3D905CD}.Tests_Debug|x86.Build.0 = Debug|Win32
		{5C55A524-7658-4B06-B3C5-A0EAE3D905CD}.Tests_Release|x64.ActiveCfg = Release|x64
		{5C55A524-7658-4B06-B3C5-A0EAE3D905CD}.Tests_Release|x64.Build.0 = Release|x64
		{5C55A524-7658-4B06-B3C5-A0EAE3D905CD}.Tests_Release|x86.ActiveCfg = Release|Win32
		{5C55A524-7658-4B06-B3C5-A0EAE3D905CD}.Tests_Release|x86.Build.0 = Release|Win32
		{6D842145-2ABB-4693-B9F7-BD0D7C6B8336}.Debug|x64.ActiveCfg = Debug|x64
		{6D842145-2ABB-4693-B9F7-BD0D7C6B8336}.Debug|x64.Build.0 = Debug|x64
		{6D842145-2ABB-4693-B9F7-BD0D7C6B8336}.Debug|x86.ActiveCfg = Debug|Win32
		{6D842145-2ABB-4693-B9F7-BD0D7C6B8336}.Debug|x86.Build.0 = Debug|Win32
		{6D842145-2ABB-4693-B9F7-BD0D7C6B8336}.Release|x64.ActiveCfg = Release|x64
		{6D842145-2ABB-4693-B9F7-BD0D7C6B8336}.Release|x64.Build.0 = Release|x64
		{6D842145-2ABB-4693-B9F7-BD0D7C6B8336}.Release|x86.ActiveCfg = Release|Win32
		{6D842145-2ABB-4693-B9F7-BD0D7C6B8336}.Release|x86.Build.0 = Release|Win32
		{6D842145-2ABB-4693-B9F7-BD0D7C6B8336}.Static_Release|x64.ActiveCfg = Static_Release|x64
		{6D842145-2ABB-4693-B9F7-BD0D7C6B8336}.Static_Release|x64.Build.0 = Static_Release|x64
		{6D842145-2ABB-4693-B9F7-BD0D7C6B8336}.Static_Release|x86.ActiveCfg = Release|Win32
		{6D842145-2ABB-4693-B9F7-BD0D7C6B8336}.Static_Release|x86.Build.0 = Release|Win32
		{6D842145-2ABB-4693-B9F7-BD0D7C6B8336}.Tests_Debug|x64.ActiveCfg = Debug|x64
		{6D842145-2ABB-4693-B9F7-BD0D7C6B8336}.Tests_Debug|x64.Build.0 = Debug|x64
		{6D842145-2ABB-4693-B9F7-BD0D7C6B8336}.Tests_Debug|x86.ActiveCfg = Debug|Win32
		{6D842145-2ABB-4693-B9F7-BD0D7C6B8336}.Tests_Debug|x86.Build.0 = Debug|Win32
		{6D842145-2ABB-4693-B9F7-BD0D7C6B8336}.Tests_Release|x64.ActiveCfg = Release|x64
		{6D842145-2ABB-4693-B9F7-BD0D7C6B8336}.Tests_Release|x64.Build.0 = Release|x64
		{6D842145-2ABB-4693-B9F7-BD0D7C6B8336}.Tests_Release|x86.ActiveCfg = Release|Win32
		{6D842145-2ABB-4693-B9F7-BD0D7C6B8336}.Tests_Release|x86.Build.0 = Release|Win32
	EndGlobalSection
	GlobalSection(SolutionProperties) = preSolution
		HideSolutionNode = FALSE
	EndGlobalSection
	GlobalSection(ExtensibilityGlobals) = postSolution
		SolutionGuid = {3EDD0858-F2FA-4C8F-8A7C-58E81A992DCC}
	EndGlobalSection
EndGlobal
