<?xml version="1.0" encoding="utf-8"?>
<Project ToolsVersion="4.0" xmlns="http://schemas.microsoft.com/developer/msbuild/2003">
  <ItemGroup>
    <Filter Include="Source Files">
      <UniqueIdentifier>{4FC737F1-C7A5-4376-A066-2A32D752A2FF}</UniqueIdentifier>
      <Extensions>cpp;c;cc;cxx;c++;cppm;ixx;def;odl;idl;hpj;bat;asm;asmx</Extensions>
    </Filter>
    <Filter Include="Header Files">
      <UniqueIdentifier>{93995380-89BD-4b04-88EB-625FBE52EBFB}</UniqueIdentifier>
      <Extensions>h;hh;hpp;hxx;h++;hm;inl;inc;ipp;xsd</Extensions>
    </Filter>
    <Filter Include="Header Files\workers">
      <UniqueIdentifier>{3b053789-1f07-4cbf-a02c-72c7127daecb}</UniqueIdentifier>
    </Filter>
    <Filter Include="Header Files\work_items">
      <UniqueIdentifier>{aef86203-b808-4fae-b6a4-46c12138d709}</UniqueIdentifier>
    </Filter>
    <Filter Include="Source Files\workers">
      <UniqueIdentifier>{c4e6c2da-6a92-477f-8c03-d39ebb966947}</UniqueIdentifier>
    </Filter>
    <Filter Include="Source Files\work_items">
      <UniqueIdentifier>{e1e309bb-9646-4f5b-b4d7-e2809deb7213}</UniqueIdentifier>
    </Filter>
    <Filter Include="Header Files\notifications">
      <UniqueIdentifier>{32fa0fbb-b8e6-4d6f-871f-eb361e97a839}</UniqueIdentifier>
    </Filter>
    <Filter Include="Header Files\meta">
      <UniqueIdentifier>{1b51f1f2-fb12-45b2-b52f-10d43fa02827}</UniqueIdentifier>
    </Filter>
    <Filter Include="Header Files\containers">
      <UniqueIdentifier>{12358ef7-81d9-47d3-995d-be3856abd39e}</UniqueIdentifier>
    </Filter>
    <Filter Include="Source Files\containers">
      <UniqueIdentifier>{e22098f0-6bd3-4f79-97ad-544b8e520e9a}</UniqueIdentifier>
    </Filter>
  </ItemGroup>
  <ItemGroup>
    <ClInclude Include="callback.h">
      <Filter>Header Files</Filter>
    </ClInclude>
    <ClInclude Include="argtype.h">
      <Filter>Header Files</Filter>
    </ClInclude>
    <ClInclude Include="program_support.h">
      <Filter>Header Files</Filter>
    </ClInclude>
    <ClInclude Include="framework_api.h">
      <Filter>Header Files</Filter>
    </ClInclude>
    <ClInclude Include="resources.h">
      <Filter>Header Files</Filter>
    </ClInclude>
    <ClInclude Include="utility.h">
      <Filter>Header Files</Filter>
    </ClInclude>
    <ClInclude Include="timer.h">
      <Filter>Header Files</Filter>
    </ClInclude>
    <ClInclude Include="noncopyable.h">
      <Filter>Header Files</Filter>
    </ClInclude>
    <ClInclude Include="observer.h">
      <Filter>Header Files</Filter>
    </ClInclude>
    <ClInclude Include="subject.h">
      <Filter>Header Files</Filter>
    </ClInclude>
    <ClInclude Include="framework.h">
      <Filter>Header Files</Filter>
    </ClInclude>
    <ClInclude Include="base_work_item.h">
      <Filter>Header Files\work_items</Filter>
    </ClInclude>
    <ClInclude Include="item_status.h">
      <Filter>Header Files\work_items</Filter>
    </ClInclude>
    <ClInclude Include="work_items.h">
      <Filter>Header Files\work_items</Filter>
    </ClInclude>
    <ClInclude Include="no_op.h">
      <Filter>Header Files\work_items</Filter>
    </ClInclude>
    <ClInclude Include="work_queue.h">
      <Filter>Header Files\containers</Filter>
    </ClInclude>
    <ClInclude Include="worker.h">
      <Filter>Header Files\workers</Filter>
    </ClInclude>
    <ClInclude Include="workers.h">
      <Filter>Header Files\workers</Filter>
    </ClInclude>
    <ClInclude Include="containers.h">
      <Filter>Header Files\containers</Filter>
    </ClInclude>
  </ItemGroup>
  <ItemGroup>
    <ClCompile Include="program_support.cc">
      <Filter>Source Files</Filter>
    </ClCompile>
    <ClCompile Include="observer.cc">
      <Filter>Source Files</Filter>
    </ClCompile>
    <ClCompile Include="subject.cc">
      <Filter>Source Files</Filter>
    </ClCompile>
    <ClCompile Include="work_queue.cc">
      <Filter>Source Files\containers</Filter>
    </ClCompile>
    <ClCompile Include="worker.cc">
      <Filter>Source Files\workers</Filter>
    </ClCompile>
  </ItemGroup>
</Project>